{
  "object": {
    "pins": [
      {
        "package": "Logger",
        "repositoryURL": "https://github.com/elegantchaos/Logger.git",
        "state": {
          "branch": null,
          "revision": "c101ca48876adabeb25848f5fe0efba748c24d73",
          "version": "1.3.7"
        }
      },
      {
        "package": "Runner",
        "repositoryURL": "https://github.com/elegantchaos/Runner.git",
        "state": {
          "branch": null,
          "revision": "54889ffb68a12f3bb166ddc501cae5a83fd89bf4",
          "version": "1.0.4"
        }
      },
      {
        "package": "XPkgPackage",
        "repositoryURL": "https://github.com/elegantchaos/XPkgPackage",
        "state": {
          "branch": null,
          "revision": "b7c421f7e6832c2cd01bf4dd178deb95d23acb3d",
          "version": "1.0.3"
        }
      }
    ]
  },
  "version": 1
}
